# This file is generated by running "yarn install" inside your project.
# Manual changes might be lost - proceed with caution!

__metadata:
  version: 6
  cacheKey: 8

"@napi-rs/cli@npm:^2.12.1":
  version: 2.12.1
  resolution: "@napi-rs/cli@npm:2.12.1"
  bin:
    napi: scripts/index.js
  checksum: 4621986d9bc8bbb28725bc4b5384cb17bb51f203295dee337dc33d593a32e70a9b8a0d94256c0657ede8ff440ca7faf430dd28f974bff1ce777a8c4b9162eefa
  languageName: node
  linkType: hard

"node-songbird@workspace:.":
  version: 0.0.0-use.local
  resolution: "node-songbird@workspace:."
  dependencies:
    "@napi-rs/cli": ^2.12.1
  languageName: unknown
  linkType: soft
